Microsoft Visual Studio Solution File, Format Version 12.00
# Visual Studio Version 17
VisualStudioVersion = 17.5.2.0
MinimumVisualStudioVersion = 10.0.40219.1
Project("{FAE04EC0-301F-11D3-BF4B-00C04F79EFBC}") = "InfraScribe.CLI", "InfraScribe.CLI.csproj", "{3D33567C-8E8D-2667-1E98-751939AA3DBE}"
EndProject
Global
	GlobalSection(SolutionConfigurationPlatforms) = preSolution
		Debug|Any CPU = Debug|Any CPU
		Release|Any CPU = Release|Any CPU
	EndGlobalSection
	GlobalSection(ProjectConfigurationPlatforms) = postSolution
		{3D33567C-8E8D-2667-1E98-751939AA3DBE}.Debug|Any CPU.ActiveCfg = Debug|Any CPU
		{3D33567C-8E8D-2667-1E98-751939AA3DBE}.Debug|Any CPU.Build.0 = Debug|Any CPU
		{3D33567C-8E8D-2667-1E98-751939AA3DBE}.Release|Any CPU.ActiveCfg = Release|Any CPU
		{3D33567C-8E8D-2667-1E98-751939AA3DBE}.Release|Any CPU.Build.0 = Release|Any CPU
	EndGlobalSection
	GlobalSection(SolutionProperties) = preSolution
		HideSolutionNode = FALSE
	EndGlobalSection
	GlobalSection(ExtensibilityGlobals) = postSolution
		SolutionGuid = {51A38F18-B5BF-4B82-9FD7-52C776974DCA}
	EndGlobalSection
EndGlobal
